
Microsoft Visual Studio Solution File, Format Version 12.00
# Visual Studio Version 16
VisualStudioVersion = 16.0.29215.179
MinimumVisualStudioVersion = 10.0.40219.1
Project("{FAE04EC0-301F-11D3-BF4B-00C04F79EFBC}") = "HelloWorld", "HelloWorld\HelloWorld.csproj", "{80396864-075A-4BBD-ADE6-F2E834EEB7D5}"
EndProject
Project("{FAE04EC0-301F-11D3-BF4B-00C04F79EFBC}") = "LuckyNumber", "LuckyNumber\LuckyNumber.csproj", "{3909793A-A8E6-463C-9002-B33274C78D91}"
EndProject
Project("{FAE04EC0-301F-11D3-BF4B-00C04F79EFBC}") = "IncomePlanner", "IncomePlanner\IncomePlanner.csproj", "{95483EB8-7813-42D0-8B85-D7B48E88CAC0}"
EndProject
Project("{FAE04EC0-301F-11D3-BF4B-00C04F79EFBC}") = "Money App", "Money App\Money App.csproj", "{A4A5CD9D-1794-4914-87FB-F44AEE1FC657}"
EndProject
Project("{FAE04EC0-301F-11D3-BF4B-00C04F79EFBC}") = "Quiz App", "Quiz App\Quiz App.csproj", "{239D008F-106F-4E40-9303-7A27D64B62C8}"
EndProject
Global
	GlobalSection(SolutionConfigurationPlatforms) = preSolution
		Debug|Any CPU = Debug|Any CPU
		Release|Any CPU = Release|Any CPU
	EndGlobalSection
	GlobalSection(ProjectConfigurationPlatforms) = postSolution
		{80396864-075A-4BBD-ADE6-F2E834EEB7D5}.Debug|Any CPU.ActiveCfg = Debug|Any CPU
		{80396864-075A-4BBD-ADE6-F2E834EEB7D5}.Debug|Any CPU.Build.0 = Debug|Any CPU
		{80396864-075A-4BBD-ADE6-F2E834EEB7D5}.Debug|Any CPU.Deploy.0 = Debug|Any CPU
		{80396864-075A-4BBD-ADE6-F2E834EEB7D5}.Release|Any CPU.ActiveCfg = Release|Any CPU
		{80396864-075A-4BBD-ADE6-F2E834EEB7D5}.Release|Any CPU.Build.0 = Release|Any CPU
		{80396864-075A-4BBD-ADE6-F2E834EEB7D5}.Release|Any CPU.Deploy.0 = Release|Any CPU
		{3909793A-A8E6-463C-9002-B33274C78D91}.Debug|Any CPU.ActiveCfg = Debug|Any CPU
		{3909793A-A8E6-463C-9002-B33274C78D91}.Debug|Any CPU.Build.0 = Debug|Any CPU
		{3909793A-A8E6-463C-9002-B33274C78D91}.Debug|Any CPU.Deploy.0 = Debug|Any CPU
		{3909793A-A8E6-463C-9002-B33274C78D91}.Release|Any CPU.ActiveCfg = Release|Any CPU
		{3909793A-A8E6-463C-9002-B33274C78D91}.Release|Any CPU.Build.0 = Release|Any CPU
		{3909793A-A8E6-463C-9002-B33274C78D91}.Release|Any CPU.Deploy.0 = Release|Any CPU
		{95483EB8-7813-42D0-8B85-D7B48E88CAC0}.Debug|Any CPU.ActiveCfg = Debug|Any CPU
		{95483EB8-7813-42D0-8B85-D7B48E88CAC0}.Debug|Any CPU.Build.0 = Debug|Any CPU
		{95483EB8-7813-42D0-8B85-D7B48E88CAC0}.Debug|Any CPU.Deploy.0 = Debug|Any CPU
		{95483EB8-7813-42D0-8B85-D7B48E88CAC0}.Release|Any CPU.ActiveCfg = Release|Any CPU
		{95483EB8-7813-42D0-8B85-D7B48E88CAC0}.Release|Any CPU.Build.0 = Release|Any CPU
		{95483EB8-7813-42D0-8B85-D7B48E88CAC0}.Release|Any CPU.Deploy.0 = Release|Any CPU
		{A4A5CD9D-1794-4914-87FB-F44AEE1FC657}.Debug|Any CPU.ActiveCfg = Debug|Any CPU
		{A4A5CD9D-1794-4914-87FB-F44AEE1FC657}.Debug|Any CPU.Build.0 = Debug|Any CPU
		{A4A5CD9D-1794-4914-87FB-F44AEE1FC657}.Debug|Any CPU.Deploy.0 = Debug|Any CPU
		{A4A5CD9D-1794-4914-87FB-F44AEE1FC657}.Release|Any CPU.ActiveCfg = Release|Any CPU
		{A4A5CD9D-1794-4914-87FB-F44AEE1FC657}.Release|Any CPU.Build.0 = Release|Any CPU
		{A4A5CD9D-1794-4914-87FB-F44AEE1FC657}.Release|Any CPU.Deploy.0 = Release|Any CPU
		{239D008F-106F-4E40-9303-7A27D64B62C8}.Debug|Any CPU.ActiveCfg = Debug|Any CPU
		{239D008F-106F-4E40-9303-7A27D64B62C8}.Debug|Any CPU.Build.0 = Debug|Any CPU
		{239D008F-106F-4E40-9303-7A27D64B62C8}.Debug|Any CPU.Deploy.0 = Debug|Any CPU
		{239D008F-106F-4E40-9303-7A27D64B62C8}.Release|Any CPU.ActiveCfg = Release|Any CPU
		{239D008F-106F-4E40-9303-7A27D64B62C8}.Release|Any CPU.Build.0 = Release|Any CPU
		{239D008F-106F-4E40-9303-7A27D64B62C8}.Release|Any CPU.Deploy.0 = Release|Any CPU
	EndGlobalSection
	GlobalSection(SolutionProperties) = preSolution
		HideSolutionNode = FALSE
	EndGlobalSection
	GlobalSection(ExtensibilityGlobals) = postSolution
		SolutionGuid = {1A3FD6DC-5772-4131-B50E-FC8F2D956FCA}
	EndGlobalSection
EndGlobal
